{
  "name": "poliedra86.github.io",
  "version": "1.0.0",
  "lockfileVersion": 3,
  "requires": true,
  "packages": {
    "": {
      "name": "poliedra86.github.io",
      "version": "1.0.0",
      "license": "ISC",
      "devDependencies": {
        "kservez": "^1.2.2"
      }
    },
    "node_modules/kservez": {
      "version": "1.2.2",
      "resolved": "https://registry.npmjs.org/kservez/-/kservez-1.2.2.tgz",
      "integrity": "sha512-Q3KLBYhmzSbdxZ42g1FLbLDunnZp3JT7py9v58Xb/aMUrOi9ldiRn3CaWPnw0ECzz3gv5DbvL+xOo07T5oiGEA==",
      "dev": true,
      "dependencies": {
        "mclip": "^0.3.2",
        "node-forge": "^1.2.1"
      },
      "bin": {
        "kservez": "bin/kservez"
      }
    },
    "node_modules/mclip": {
      "version": "0.3.2",
      "resolved": "https://registry.npmjs.org/mclip/-/mclip-0.3.2.tgz",
      "integrity": "sha512-Ry92R+0T3aX5xg1aUdfUXCX9aE+IL+id5vR7CZeE65z+FxfMWxezbgX0MWt6thfz8aPFpIzLSsOYVb7TcFjN8w==",
      "dev": true
    },
    "node_modules/node-forge": {
      "version": "1.3.1",
      "resolved": "https://registry.npmjs.org/node-forge/-/node-forge-1.3.1.tgz",
      "integrity": "sha512-dPEtOeMvF9VMcYV/1Wb8CPoVAXtp6MKMlcbAt4ddqmGqUJ6fQZFXkNZNkNlfevtNkGtaSoXf/vNNNSvgrdXwtA==",
      "dev": true,
      "engines": {
        "node": ">= 6.13.0"
      }
    }
  }
}
